
Microsoft Visual Studio Solution File, Format Version 12.00
Project("{FAE04EC0-301F-11D3-BF4B-00C04F79EFBC}") = "Calculator.App", "Calculator.App\Calculator.App.csproj", "{00CE0D4F-1431-473A-B115-EE26ACFB7737}"
EndProject
Project("{FAE04EC0-301F-11D3-BF4B-00C04F79EFBC}") = "Calculator.Tests", "Calculator.Tests\Calculator.Tests.csproj", "{411A878F-E578-4203-9A44-23D0EE5728FB}"
EndProject
Global
	GlobalSection(SolutionConfigurationPlatforms) = preSolution
		Debug|Any CPU = Debug|Any CPU
		Release|Any CPU = Release|Any CPU
	EndGlobalSection
	GlobalSection(ProjectConfigurationPlatforms) = postSolution
		{00CE0D4F-1431-473A-B115-EE26ACFB7737}.Debug|Any CPU.ActiveCfg = Debug|Any CPU
		{00CE0D4F-1431-473A-B115-EE26ACFB7737}.Debug|Any CPU.Build.0 = Debug|Any CPU
		{00CE0D4F-1431-473A-B115-EE26ACFB7737}.Release|Any CPU.ActiveCfg = Release|Any CPU
		{00CE0D4F-1431-473A-B115-EE26ACFB7737}.Release|Any CPU.Build.0 = Release|Any CPU
		{411A878F-E578-4203-9A44-23D0EE5728FB}.Debug|Any CPU.ActiveCfg = Debug|Any CPU
		{411A878F-E578-4203-9A44-23D0EE5728FB}.Debug|Any CPU.Build.0 = Debug|Any CPU
		{411A878F-E578-4203-9A44-23D0EE5728FB}.Release|Any CPU.ActiveCfg = Release|Any CPU
		{411A878F-E578-4203-9A44-23D0EE5728FB}.Release|Any CPU.Build.0 = Release|Any CPU
	EndGlobalSection
EndGlobal
